PODS:
  - OCMock (3.7.1)
  - SendMan (1.0.3)

DEPENDENCIES:
  - OCMock (~> 3.7)
  - SendMan (from `../`)

SPEC REPOS:
  trunk:
    - OCMock

EXTERNAL SOURCES:
  SendMan:
    :path: "../"

SPEC CHECKSUMS:
  OCMock: 75fbeaa46a9b11f8c182bbb1d1f7e9a35ccc9955
  SendMan: 6f5f8bd9ee38b65cbeff6c3829ae31d7a1b70c86

PODFILE CHECKSUM: c09b5d6faa17ffcdea9e0cd3952700a7bf5335d1

COCOAPODS: 1.10.0
